{
	"name": "project-matrix-conditional-exports-pass",
	"lockfileVersion": 3,
	"requires": true,
	"packages": {
		"": {
			"name": "project-matrix-conditional-exports-pass",
			"dependencies": {
				"@cond-test/lib": "file:packages/cond-exports-lib"
			}
		},
		"node_modules/@cond-test/lib": {
			"resolved": "packages/cond-exports-lib",
			"link": true
		},
		"packages/cond-exports-lib": {
			"name": "@cond-test/lib",
			"version": "1.0.0"
		}
	}
}
