# THIS IS AN AUTOGENERATED FILE. DO NOT EDIT THIS FILE DIRECTLY.
# yarn lockfile v1


left-pad@0.0.3:
  version "0.0.3"
  resolved "https://registry.yarnpkg.com/left-pad/-/left-pad-0.0.3.tgz#04d99b4a1eaf9e5f79c05e5d745d53edd1aa8aa1"
  integrity sha512-Qli5dSpAXQOSw1y/M+uBKT37rj6iZAQMz6Uy5/ZYGIhBLS/ODRHqL4XIDvSAtYpjfia0XKNztlPFa806TWw5Gw==
