{
	"name": "project-matrix-npm-layout-pass",
	"lockfileVersion": 3,
	"requires": true,
	"packages": {
		"": {
			"name": "project-matrix-npm-layout-pass",
			"dependencies": {
				"left-pad": "0.0.3"
			}
		},
		"node_modules/left-pad": {
			"version": "0.0.3",
			"resolved": "https://registry.npmjs.org/left-pad/-/left-pad-0.0.3.tgz",
			"integrity": "sha512-Qli5dSpAXQOSw1y/M+uBKT37rj6iZAQMz6Uy5/ZYGIhBLS/ODRHqL4XIDvSAtYpjfia0XKNztlPFa806TWw5Gw==",
			"deprecated": "use String.prototype.padStart()",
			"license": "WTFPL"
		}
	}
}
