{
	"name": "project-matrix-transitive-deps-pass",
	"lockfileVersion": 3,
	"requires": true,
	"packages": {
		"": {
			"name": "project-matrix-transitive-deps-pass",
			"dependencies": {
				"@chain-test/level-a": "file:packages/level-a"
			}
		},
		"node_modules/@chain-test/level-a": {
			"resolved": "packages/level-a",
			"link": true
		},
		"node_modules/@chain-test/level-b": {
			"resolved": "packages/level-b",
			"link": true
		},
		"node_modules/@chain-test/level-c": {
			"resolved": "packages/level-c",
			"link": true
		},
		"packages/level-a": {
			"name": "@chain-test/level-a",
			"version": "1.0.0",
			"dependencies": {
				"@chain-test/level-b": "file:../level-b"
			}
		},
		"packages/level-b": {
			"name": "@chain-test/level-b",
			"version": "1.0.0",
			"dependencies": {
				"@chain-test/level-c": "file:../level-c"
			}
		},
		"packages/level-c": {
			"name": "@chain-test/level-c",
			"version": "1.0.0"
		}
	}
}
