# This file is generated by running "yarn install" inside your project.
# Manual changes might be lost - proceed with caution!

__metadata:
  version: 8
  cacheKey: 10c0

"left-pad@npm:0.0.3":
  version: 0.0.3
  resolution: "left-pad@npm:0.0.3"
  checksum: 10c0/ff34f59ffd2e550f5b660f850fd3096b7a058d609406ae24a04bbbdaee3893a804b5c6bf9e32fb725808e7aced6b13881c047a68e052f10c66180eee68e91e33
  languageName: node
  linkType: hard

"project-matrix-yarn-berry-layout-pass@workspace:.":
  version: 0.0.0-use.local
  resolution: "project-matrix-yarn-berry-layout-pass@workspace:."
  dependencies:
    left-pad: "npm:0.0.3"
  languageName: unknown
  linkType: soft
