{
	"name": "project-matrix-peer-deps-pass",
	"lockfileVersion": 3,
	"requires": true,
	"packages": {
		"": {
			"name": "project-matrix-peer-deps-pass",
			"dependencies": {
				"@peer-test/host": "file:packages/host",
				"@peer-test/plugin": "file:packages/plugin"
			}
		},
		"node_modules/@peer-test/host": {
			"resolved": "packages/host",
			"link": true
		},
		"node_modules/@peer-test/plugin": {
			"resolved": "packages/plugin",
			"link": true
		},
		"packages/host": {
			"name": "@peer-test/host",
			"version": "1.0.0",
			"peer": true
		},
		"packages/plugin": {
			"name": "@peer-test/plugin",
			"version": "1.0.0",
			"peerDependencies": {
				"@peer-test/host": ">=1.0.0"
			}
		}
	}
}
